
Microsoft Visual Studio Solution File, Format Version 12.00
# Visual Studio Version 16
VisualStudioVersion = 16.0.30611.23
MinimumVisualStudioVersion = 10.0.40219.1
Project("{FAE04EC0-301F-11D3-BF4B-00C04F79EFBC}") = "Casiopea.Android", "Casiopea.Android\Casiopea.Android.csproj", "{DC0D1BF9-0378-4674-9FD1-C88227F4C4DA}"
EndProject
Project("{FAE04EC0-301F-11D3-BF4B-00C04F79EFBC}") = "Casiopea.iOS", "Casiopea.iOS\Casiopea.iOS.csproj", "{1D6105BD-C38D-4ED4-8660-7A85602F349E}"
EndProject
Project("{FAE04EC0-301F-11D3-BF4B-00C04F79EFBC}") = "Casiopea", "Casiopea\Casiopea.csproj", "{83B7976B-BC87-40BA-90A1-3B3E09373C80}"
EndProject
Global
	GlobalSection(SolutionConfigurationPlatforms) = preSolution
		Debug|Any CPU = Debug|Any CPU
		Debug|iPhone = Debug|iPhone
		Debug|iPhoneSimulator = Debug|iPhoneSimulator
		Release|Any CPU = Release|Any CPU
		Release|iPhone = Release|iPhone
		Release|iPhoneSimulator = Release|iPhoneSimulator
	EndGlobalSection
	GlobalSection(ProjectConfigurationPlatforms) = postSolution
		{DC0D1BF9-0378-4674-9FD1-C88227F4C4DA}.Debug|Any CPU.ActiveCfg = Debug|Any CPU
		{DC0D1BF9-0378-4674-9FD1-C88227F4C4DA}.Debug|Any CPU.Build.0 = Debug|Any CPU
		{DC0D1BF9-0378-4674-9FD1-C88227F4C4DA}.Debug|Any CPU.Deploy.0 = Debug|Any CPU
		{DC0D1BF9-0378-4674-9FD1-C88227F4C4DA}.Debug|iPhone.ActiveCfg = Debug|Any CPU
		{DC0D1BF9-0378-4674-9FD1-C88227F4C4DA}.Debug|iPhone.Build.0 = Debug|Any CPU
		{DC0D1BF9-0378-4674-9FD1-C88227F4C4DA}.Debug|iPhone.Deploy.0 = Debug|Any CPU
		{DC0D1BF9-0378-4674-9FD1-C88227F4C4DA}.Debug|iPhoneSimulator.ActiveCfg = Debug|Any CPU
		{DC0D1BF9-0378-4674-9FD1-C88227F4C4DA}.Debug|iPhoneSimulator.Build.0 = Debug|Any CPU
		{DC0D1BF9-0378-4674-9FD1-C88227F4C4DA}.Debug|iPhoneSimulator.Deploy.0 = Debug|Any CPU
		{DC0D1BF9-0378-4674-9FD1-C88227F4C4DA}.Release|Any CPU.ActiveCfg = Release|Any CPU
		{DC0D1BF9-0378-4674-9FD1-C88227F4C4DA}.Release|Any CPU.Build.0 = Release|Any CPU
		{DC0D1BF9-0378-4674-9FD1-C88227F4C4DA}.Release|Any CPU.Deploy.0 = Release|Any CPU
		{DC0D1BF9-0378-4674-9FD1-C88227F4C4DA}.Release|iPhone.ActiveCfg = Release|Any CPU
		{DC0D1BF9-0378-4674-9FD1-C88227F4C4DA}.Release|iPhone.Build.0 = Release|Any CPU
		{DC0D1BF9-0378-4674-9FD1-C88227F4C4DA}.Release|iPhone.Deploy.0 = Release|Any CPU
		{DC0D1BF9-0378-4674-9FD1-C88227F4C4DA}.Release|iPhoneSimulator.ActiveCfg = Release|Any CPU
		{DC0D1BF9-0378-4674-9FD1-C88227F4C4DA}.Release|iPhoneSimulator.Build.0 = Release|Any CPU
		{DC0D1BF9-0378-4674-9FD1-C88227F4C4DA}.Release|iPhoneSimulator.Deploy.0 = Release|Any CPU
		{1D6105BD-C38D-4ED4-8660-7A85602F349E}.Debug|Any CPU.ActiveCfg = Debug|iPhone
		{1D6105BD-C38D-4ED4-8660-7A85602F349E}.Debug|Any CPU.Build.0 = Debug|iPhone
		{1D6105BD-C38D-4ED4-8660-7A85602F349E}.Debug|Any CPU.Deploy.0 = Debug|iPhone
		{1D6105BD-C38D-4ED4-8660-7A85602F349E}.Debug|iPhone.ActiveCfg = Debug|iPhone
		{1D6105BD-C38D-4ED4-8660-7A85602F349E}.Debug|iPhone.Build.0 = Debug|iPhone
		{1D6105BD-C38D-4ED4-8660-7A85602F349E}.Debug|iPhone.Deploy.0 = Debug|iPhone
		{1D6105BD-C38D-4ED4-8660-7A85602F349E}.Debug|iPhoneSimulator.ActiveCfg = Debug|iPhoneSimulator
		{1D6105BD-C38D-4ED4-8660-7A85602F349E}.Debug|iPhoneSimulator.Build.0 = Debug|iPhoneSimulator
		{1D6105BD-C38D-4ED4-8660-7A85602F349E}.Debug|iPhoneSimulator.Deploy.0 = Debug|iPhoneSimulator
		{1D6105BD-C38D-4ED4-8660-7A85602F349E}.Release|Any CPU.ActiveCfg = Release|iPhoneSimulator
		{1D6105BD-C38D-4ED4-8660-7A85602F349E}.Release|Any CPU.Build.0 = Release|iPhoneSimulator
		{1D6105BD-C38D-4ED4-8660-7A85602F349E}.Release|Any CPU.Deploy.0 = Release|iPhoneSimulator
		{1D6105BD-C38D-4ED4-8660-7A85602F349E}.Release|iPhone.ActiveCfg = Release|iPhone
		{1D6105BD-C38D-4ED4-8660-7A85602F349E}.Release|iPhone.Build.0 = Release|iPhone
		{1D6105BD-C38D-4ED4-8660-7A85602F349E}.Release|iPhone.Deploy.0 = Release|iPhone
		{1D6105BD-C38D-4ED4-8660-7A85602F349E}.Release|iPhoneSimulator.ActiveCfg = Release|iPhoneSimulator
		{1D6105BD-C38D-4ED4-8660-7A85602F349E}.Release|iPhoneSimulator.Build.0 = Release|iPhoneSimulator
		{1D6105BD-C38D-4ED4-8660-7A85602F349E}.Release|iPhoneSimulator.Deploy.0 = Release|iPhoneSimulator
		{83B7976B-BC87-40BA-90A1-3B3E09373C80}.Debug|Any CPU.ActiveCfg = Debug|Any CPU
		{83B7976B-BC87-40BA-90A1-3B3E09373C80}.Debug|Any CPU.Build.0 = Debug|Any CPU
		{83B7976B-BC87-40BA-90A1-3B3E09373C80}.Debug|Any CPU.Deploy.0 = Debug|Any CPU
		{83B7976B-BC87-40BA-90A1-3B3E09373C80}.Debug|iPhone.ActiveCfg = Debug|Any CPU
		{83B7976B-BC87-40BA-90A1-3B3E09373C80}.Debug|iPhone.Build.0 = Debug|Any CPU
		{83B7976B-BC87-40BA-90A1-3B3E09373C80}.Debug|iPhone.Deploy.0 = Debug|Any CPU
		{83B7976B-BC87-40BA-90A1-3B3E09373C80}.Debug|iPhoneSimulator.ActiveCfg = Debug|Any CPU
		{83B7976B-BC87-40BA-90A1-3B3E09373C80}.Debug|iPhoneSimulator.Build.0 = Debug|Any CPU
		{83B7976B-BC87-40BA-90A1-3B3E09373C80}.Debug|iPhoneSimulator.Deploy.0 = Debug|Any CPU
		{83B7976B-BC87-40BA-90A1-3B3E09373C80}.Release|Any CPU.ActiveCfg = Release|Any CPU
		{83B7976B-BC87-40BA-90A1-3B3E09373C80}.Release|Any CPU.Build.0 = Release|Any CPU
		{83B7976B-BC87-40BA-90A1-3B3E09373C80}.Release|Any CPU.Deploy.0 = Release|Any CPU
		{83B7976B-BC87-40BA-90A1-3B3E09373C80}.Release|iPhone.ActiveCfg = Release|Any CPU
		{83B7976B-BC87-40BA-90A1-3B3E09373C80}.Release|iPhone.Build.0 = Release|Any CPU
		{83B7976B-BC87-40BA-90A1-3B3E09373C80}.Release|iPhone.Deploy.0 = Release|Any CPU
		{83B7976B-BC87-40BA-90A1-3B3E09373C80}.Release|iPhoneSimulator.ActiveCfg = Release|Any CPU
		{83B7976B-BC87-40BA-90A1-3B3E09373C80}.Release|iPhoneSimulator.Build.0 = Release|Any CPU
		{83B7976B-BC87-40BA-90A1-3B3E09373C80}.Release|iPhoneSimulator.Deploy.0 = Release|Any CPU
	EndGlobalSection
	GlobalSection(SolutionProperties) = preSolution
		HideSolutionNode = FALSE
	EndGlobalSection
	GlobalSection(ExtensibilityGlobals) = postSolution
		SolutionGuid = {D80CE12C-AE50-42A4-9DE1-ECE0015355C0}
	EndGlobalSection
EndGlobal
